
Microsoft Visual Studio Solution File, Format Version 12.00
# Visual Studio 15
Project("{FAE04EC0-301F-11D3-BF4B-00C04F79EFBC}") = "Assembly-CSharp", "Assembly-CSharp.csproj", "{0B24A589-3B70-BD62-693D-75F9D7E7F47F}"
EndProject
Project("{FAE04EC0-301F-11D3-BF4B-00C04F79EFBC}") = "Assembly-CSharp-Editor", "Assembly-CSharp-Editor.csproj", "{A0A8E21D-58FF-D526-37CC-578A193AE129}"
EndProject
Global
	GlobalSection(SolutionConfigurationPlatforms) = preSolution
		Debug|Any CPU = Debug|Any CPU
		Release|Any CPU = Release|Any CPU
	EndGlobalSection
	GlobalSection(ProjectConfigurationPlatforms) = postSolution
		{0B24A589-3B70-BD62-693D-75F9D7E7F47F}.Debug|Any CPU.ActiveCfg = Debug|Any CPU
		{0B24A589-3B70-BD62-693D-75F9D7E7F47F}.Debug|Any CPU.Build.0 = Debug|Any CPU
		{0B24A589-3B70-BD62-693D-75F9D7E7F47F}.Release|Any CPU.ActiveCfg = Release|Any CPU
		{0B24A589-3B70-BD62-693D-75F9D7E7F47F}.Release|Any CPU.Build.0 = Release|Any CPU
		{A0A8E21D-58FF-D526-37CC-578A193AE129}.Debug|Any CPU.ActiveCfg = Debug|Any CPU
		{A0A8E21D-58FF-D526-37CC-578A193AE129}.Debug|Any CPU.Build.0 = Debug|Any CPU
		{A0A8E21D-58FF-D526-37CC-578A193AE129}.Release|Any CPU.ActiveCfg = Release|Any CPU
		{A0A8E21D-58FF-D526-37CC-578A193AE129}.Release|Any CPU.Build.0 = Release|Any CPU
	EndGlobalSection
	GlobalSection(SolutionProperties) = preSolution
		HideSolutionNode = FALSE
	EndGlobalSection
EndGlobal
